
Microsoft Visual Studio Solution File, Format Version 12.00
# Visual Studio Version 18
VisualStudioVersion = 18.6.11822.322 stable
MinimumVisualStudioVersion = 10.0.40219.1
Project("{00D1A9C2-B5F0-4AF3-8072-F6C62B433612}") = "poc-sql-db", "poc-sql-db.sqlproj", "{C1EAA7FF-D3A9-45C0-AE85-33E8E8F518D3}"
EndProject
Global
	GlobalSection(SolutionConfigurationPlatforms) = preSolution
		Debug|Any CPU = Debug|Any CPU
		Release|Any CPU = Release|Any CPU
	EndGlobalSection
	GlobalSection(ProjectConfigurationPlatforms) = postSolution
		{C1EAA7FF-D3A9-45C0-AE85-33E8E8F518D3}.Debug|Any CPU.ActiveCfg = Debug|Any CPU
		{C1EAA7FF-D3A9-45C0-AE85-33E8E8F518D3}.Debug|Any CPU.Build.0 = Debug|Any CPU
		{C1EAA7FF-D3A9-45C0-AE85-33E8E8F518D3}.Debug|Any CPU.Deploy.0 = Debug|Any CPU
		{C1EAA7FF-D3A9-45C0-AE85-33E8E8F518D3}.Release|Any CPU.ActiveCfg = Release|Any CPU
		{C1EAA7FF-D3A9-45C0-AE85-33E8E8F518D3}.Release|Any CPU.Build.0 = Release|Any CPU
		{C1EAA7FF-D3A9-45C0-AE85-33E8E8F518D3}.Release|Any CPU.Deploy.0 = Release|Any CPU
	EndGlobalSection
	GlobalSection(SolutionProperties) = preSolution
		HideSolutionNode = FALSE
	EndGlobalSection
	GlobalSection(ExtensibilityGlobals) = postSolution
		SolutionGuid = {7965FB99-99E3-4649-8D9B-B822CF6CBE8D}
	EndGlobalSection
EndGlobal
